<?xml version="1.0" encoding="utf-8"?>
<Project ToolsVersion="4.0" xmlns="http://schemas.microsoft.com/developer/msbuild/2003">
  <ItemGroup>
    <Filter Include="ResourceFiles">
      <UniqueIdentifier>{67DA6AB6-F800-4c08-8B7A-83BB121AAD01}</UniqueIdentifier>
      <Extensions>rc;ico;cur;bmp;dlg;rc2;rct;bin;rgs;gif;jpg;jpeg;jpe;resx;tiff;tif;png;wav;mfcribbon-ms</Extensions>
    </Filter>
    <Filter Include="SourceFiles">
      <UniqueIdentifier>{4FC737F1-C7A5-4376-A066-2A32D752A2FF}</UniqueIdentifier>
      <Extensions>cpp;c;cc;cxx;c++;cppm;ixx;def;odl;idl;hpj;bat;asm;asmx</Extensions>
    </Filter>
    <Filter Include="HeaderFiles">
      <UniqueIdentifier>{93995380-89BD-4b04-88EB-625FBE52EBFB}</UniqueIdentifier>
      <Extensions>h;hh;hpp;hxx;h++;hm;inl;inc;ipp;xsd</Extensions>
    </Filter>
    <Filter Include="SourceFiles\LinkedListMovie">
      <UniqueIdentifier>{6640a83c-6226-4cb4-9fa6-f4bbafa2a28e}</UniqueIdentifier>
    </Filter>
    <Filter Include="SourceFiles\LinkedListUserRating">
      <UniqueIdentifier>{97bbd330-dc3e-45c3-b562-17812d710716}</UniqueIdentifier>
    </Filter>
    <Filter Include="SourceFiles\HeapMovie">
      <UniqueIdentifier>{26c8eaf5-d04f-4cf2-883b-123c19be2426}</UniqueIdentifier>
    </Filter>
    <Filter Include="SourceFiles\HeapMovieRating">
      <UniqueIdentifier>{bd299cf2-fddd-41d6-9cb4-0c0aaba11e37}</UniqueIdentifier>
    </Filter>
    <Filter Include="SourceFiles\GraphRating">
      <UniqueIdentifier>{218b49d6-b1ef-4afb-984f-1ed36c3776c4}</UniqueIdentifier>
    </Filter>
    <Filter Include="SourceFiles\Searches">
      <UniqueIdentifier>{7b8547fc-5193-463f-acfc-014b75970d60}</UniqueIdentifier>
    </Filter>
  </ItemGroup>
  <ItemGroup>
    <ClCompile Include="main.cpp">
      <Filter>SourceFiles</Filter>
    </ClCompile>
    <ClCompile Include="LinkedListMovie.cpp">
      <Filter>SourceFiles\LinkedListMovie</Filter>
    </ClCompile>
    <ClCompile Include="NodeMovie.cpp">
      <Filter>SourceFiles\LinkedListMovie</Filter>
    </ClCompile>
    <ClCompile Include="LinkedListUserRating.cpp">
      <Filter>SourceFiles\LinkedListUserRating</Filter>
    </ClCompile>
    <ClCompile Include="NodeUserRating.cpp">
      <Filter>SourceFiles\LinkedListUserRating</Filter>
    </ClCompile>
    <ClCompile Include="HeapMovie.cpp">
      <Filter>SourceFiles\HeapMovie</Filter>
    </ClCompile>
    <ClCompile Include="NodeHeapMovie.cpp">
      <Filter>SourceFiles\HeapMovie</Filter>
    </ClCompile>
    <ClCompile Include="graphSearch.cpp">
      <Filter>SourceFiles\Searches</Filter>
    </ClCompile>
    <ClCompile Include="linkedListSearch.cpp">
      <Filter>SourceFiles\Searches</Filter>
    </ClCompile>
    <ClCompile Include="minHeapMovieSearch.cpp">
      <Filter>SourceFiles\Searches</Filter>
    </ClCompile>
    <ClCompile Include="minHeapUserRatingsSearch.cpp">
      <Filter>SourceFiles\Searches</Filter>
    </ClCompile>
  </ItemGroup>
  <ItemGroup>
    <ClInclude Include="LinkedListMovie.h">
      <Filter>SourceFiles\LinkedListMovie</Filter>
    </ClInclude>
    <ClInclude Include="NodeMovie.h">
      <Filter>SourceFiles\LinkedListMovie</Filter>
    </ClInclude>
    <ClInclude Include="LinkedListUserRating.h">
      <Filter>SourceFiles\LinkedListUserRating</Filter>
    </ClInclude>
    <ClInclude Include="NodeUserRating.h">
      <Filter>SourceFiles\LinkedListUserRating</Filter>
    </ClInclude>
    <ClInclude Include="HeapMovie.h">
      <Filter>SourceFiles\HeapMovie</Filter>
    </ClInclude>
    <ClInclude Include="NodeHeapMovie.h">
      <Filter>SourceFiles\HeapMovie</Filter>
    </ClInclude>
    <ClInclude Include="HeapMovieRating.h">
      <Filter>SourceFiles\HeapMovieRating</Filter>
    </ClInclude>
    <ClInclude Include="NodeHeapMovieRating.h">
      <Filter>SourceFiles\HeapMovieRating</Filter>
    </ClInclude>
    <ClInclude Include="Graph.h">
      <Filter>SourceFiles\GraphRating</Filter>
    </ClInclude>
    <ClInclude Include="Node.h">
      <Filter>SourceFiles\GraphRating</Filter>
    </ClInclude>
  </ItemGroup>
  <ItemGroup>
    <None Include="..\..\..\..\..\OneDrive\Documents\UF\Fall 22\COP 3530\Project 3a\Datasets\ratings.csv">
      <Filter>SourceFiles</Filter>
    </None>
    <None Include="..\..\OneDrive\Documents\UF\Fall 22\COP 3530\Project 3a\Datasets\movie_data.csv">
      <Filter>SourceFiles</Filter>
    </None>
  </ItemGroup>
</Project>